
Microsoft Visual Studio Solution File, Format Version 12.00
# Visual Studio 15
VisualStudioVersion = 15.0.28307.168
MinimumVisualStudioVersion = 10.0.40219.1
Project("{FAE04EC0-301F-11D3-BF4B-00C04F79EFBC}") = "DataWeatherForTrainsFlow", "DataForTrainsFlow\DataWeatherForTrainsFlow.csproj", "{387DE4AE-6203-4F39-AF0C-9C44AAB50639}"
EndProject
Project("{FAE04EC0-301F-11D3-BF4B-00C04F79EFBC}") = "ApiWeatherTrainsFlow", "ApiWeatherTrainsFlow\ApiWeatherTrainsFlow.csproj", "{5E7FD55F-2428-4A4C-8731-D700DE637C34}"
EndProject
Project("{FAE04EC0-301F-11D3-BF4B-00C04F79EFBC}") = "CommonClasses", "ClassLibrary1\CommonClasses.csproj", "{F3045E55-807E-4D41-93C9-C17737F20FB1}"
EndProject
Global
	GlobalSection(SolutionConfigurationPlatforms) = preSolution
		Debug|Any CPU = Debug|Any CPU
		Release|Any CPU = Release|Any CPU
	EndGlobalSection
	GlobalSection(ProjectConfigurationPlatforms) = postSolution
		{387DE4AE-6203-4F39-AF0C-9C44AAB50639}.Debug|Any CPU.ActiveCfg = Debug|Any CPU
		{387DE4AE-6203-4F39-AF0C-9C44AAB50639}.Debug|Any CPU.Build.0 = Debug|Any CPU
		{387DE4AE-6203-4F39-AF0C-9C44AAB50639}.Release|Any CPU.ActiveCfg = Release|Any CPU
		{387DE4AE-6203-4F39-AF0C-9C44AAB50639}.Release|Any CPU.Build.0 = Release|Any CPU
		{5E7FD55F-2428-4A4C-8731-D700DE637C34}.Debug|Any CPU.ActiveCfg = Debug|Any CPU
		{5E7FD55F-2428-4A4C-8731-D700DE637C34}.Debug|Any CPU.Build.0 = Debug|Any CPU
		{5E7FD55F-2428-4A4C-8731-D700DE637C34}.Release|Any CPU.ActiveCfg = Release|Any CPU
		{5E7FD55F-2428-4A4C-8731-D700DE637C34}.Release|Any CPU.Build.0 = Release|Any CPU
		{F3045E55-807E-4D41-93C9-C17737F20FB1}.Debug|Any CPU.ActiveCfg = Debug|Any CPU
		{F3045E55-807E-4D41-93C9-C17737F20FB1}.Debug|Any CPU.Build.0 = Debug|Any CPU
		{F3045E55-807E-4D41-93C9-C17737F20FB1}.Release|Any CPU.ActiveCfg = Release|Any CPU
		{F3045E55-807E-4D41-93C9-C17737F20FB1}.Release|Any CPU.Build.0 = Release|Any CPU
	EndGlobalSection
	GlobalSection(SolutionProperties) = preSolution
		HideSolutionNode = FALSE
	EndGlobalSection
	GlobalSection(ExtensibilityGlobals) = postSolution
		SolutionGuid = {A010AE15-6758-4B70-A279-29902B21CA42}
	EndGlobalSection
EndGlobal
